
Microsoft Visual Studio Solution File, Format Version 12.00
# Visual Studio Version 16
VisualStudioVersion = 16.0.30413.136
MinimumVisualStudioVersion = 10.0.40219.1
Project("{9A19103F-16F7-4668-BE54-9A1E7A4F7556}") = "client", "client\client.csproj", "{0F009F6F-7213-4199-BFC0-F45649D17AA5}"
EndProject
Project("{9A19103F-16F7-4668-BE54-9A1E7A4F7556}") = "server", "server\server.csproj", "{AB77D126-EC6C-4D64-B9B2-CEA4E6A7244C}"
EndProject
Project("{9A19103F-16F7-4668-BE54-9A1E7A4F7556}") = "Google.Protobuf", "3rdPart\Google.Protobuf\Google.Protobuf.csproj", "{A929E215-305A-4A82-85F1-C81C1D2E35E3}"
EndProject
Project("{FAE04EC0-301F-11D3-BF4B-00C04F79EFBC}") = "TomNet", "TomNet\TomNet.csproj", "{ECAC188F-FE95-416B-A372-16A304B0A4F1}"
EndProject
Global
	GlobalSection(SolutionConfigurationPlatforms) = preSolution
		Debug|Any CPU = Debug|Any CPU
		Release|Any CPU = Release|Any CPU
	EndGlobalSection
	GlobalSection(ProjectConfigurationPlatforms) = postSolution
		{0F009F6F-7213-4199-BFC0-F45649D17AA5}.Debug|Any CPU.ActiveCfg = Debug|Any CPU
		{0F009F6F-7213-4199-BFC0-F45649D17AA5}.Debug|Any CPU.Build.0 = Debug|Any CPU
		{0F009F6F-7213-4199-BFC0-F45649D17AA5}.Release|Any CPU.ActiveCfg = Release|Any CPU
		{0F009F6F-7213-4199-BFC0-F45649D17AA5}.Release|Any CPU.Build.0 = Release|Any CPU
		{AB77D126-EC6C-4D64-B9B2-CEA4E6A7244C}.Debug|Any CPU.ActiveCfg = Debug|Any CPU
		{AB77D126-EC6C-4D64-B9B2-CEA4E6A7244C}.Debug|Any CPU.Build.0 = Debug|Any CPU
		{AB77D126-EC6C-4D64-B9B2-CEA4E6A7244C}.Release|Any CPU.ActiveCfg = Release|Any CPU
		{AB77D126-EC6C-4D64-B9B2-CEA4E6A7244C}.Release|Any CPU.Build.0 = Release|Any CPU
		{A929E215-305A-4A82-85F1-C81C1D2E35E3}.Debug|Any CPU.ActiveCfg = Debug|Any CPU
		{A929E215-305A-4A82-85F1-C81C1D2E35E3}.Debug|Any CPU.Build.0 = Debug|Any CPU
		{A929E215-305A-4A82-85F1-C81C1D2E35E3}.Release|Any CPU.ActiveCfg = Release|Any CPU
		{A929E215-305A-4A82-85F1-C81C1D2E35E3}.Release|Any CPU.Build.0 = Release|Any CPU
		{ECAC188F-FE95-416B-A372-16A304B0A4F1}.Debug|Any CPU.ActiveCfg = Debug|Any CPU
		{ECAC188F-FE95-416B-A372-16A304B0A4F1}.Debug|Any CPU.Build.0 = Debug|Any CPU
		{ECAC188F-FE95-416B-A372-16A304B0A4F1}.Release|Any CPU.ActiveCfg = Release|Any CPU
		{ECAC188F-FE95-416B-A372-16A304B0A4F1}.Release|Any CPU.Build.0 = Release|Any CPU
	EndGlobalSection
	GlobalSection(SolutionProperties) = preSolution
		HideSolutionNode = FALSE
	EndGlobalSection
	GlobalSection(ExtensibilityGlobals) = postSolution
		SolutionGuid = {1A8892BB-BF10-4F83-A74D-170DD9C07396}
	EndGlobalSection
EndGlobal
